// !$*UTF8*$!
{
	archiveVersion = 1;
	classes = {
	};
	objectVersion = 46;
	objects = {

/* Begin PBXBuildFile section */
		A0FB67701C60E62E002E0B1E /* main.swift in Sources */ = {isa = PBXBuildFile; fileRef = A0FB676F1C60E62E002E0B1E /* main.swift */; };
		A0FB67771C60E66E002E0B1E /* lights.swift in Sources */ = {isa = PBXBuildFile; fileRef = A0FB67761C60E66E002E0B1E /* lights.swift */; };
/* End PBXBuildFile section */

/* Begin PBXCopyFilesBuildPhase section */
		A0FB676A1C60E62E002E0B1E /* CopyFiles */ = {
			isa = PBXCopyFilesBuildPhase;
			buildActionMask = 2147483647;
			dstPath = /usr/share/man/man1/;
			dstSubfolderSpec = 0;
			files = (
			);
			runOnlyForDeploymentPostprocessing = 1;
		};
/* End PBXCopyFilesBuildPhase section */

/* Begin PBXFileReference section */
		A0FB676C1C60E62E002E0B1E /* day6 */ = {isa = PBXFileReference; explicitFileType = "compiled.mach-o.executable"; includeInIndex = 0; path = day6; sourceTree = BUILT_PRODUCTS_DIR; };
		A0FB676F1C60E62E002E0B1E /* main.swift */ = {isa = PBXFileReference; lastKnownFileType = sourcecode.swift; path = main.swift; sourceTree = "<group>"; };
		A0FB67761C60E66E002E0B1E /* lights.swift */ = {isa = PBXFileReference; fileEncoding = 4; lastKnownFileType = sourcecode.swift; path = lights.swift; sourceTree = "<group>"; };
/* End PBXFileReference section */

/* Begin PBXFrameworksBuildPhase section */
		A0FB67691C60E62E002E0B1E /* Frameworks */ = {
			isa = PBXFrameworksBuildPhase;
			buildActionMask = 2147483647;
			files = (
			);
			runOnlyForDeploymentPostprocessing = 0;
		};
/* End PBXFrameworksBuildPhase section */

/* Begin PBXGroup section */
		A0FB67631C60E62E002E0B1E = {
			isa = PBXGroup;
			children = (
				A0FB676E1C60E62E002E0B1E /* day6 */,
				A0FB676D1C60E62E002E0B1E /* Products */,
			);
			sourceTree = "<group>";
		};
		A0FB676D1C60E62E002E0B1E /* Products */ = {
			isa = PBXGroup;
			children = (
				A0FB676C1C60E62E002E0B1E /* day6 */,
			);
			name = Products;
			sourceTree = "<group>";
		};
		A0FB676E1C60E62E002E0B1E /* day6 */ = {
			isa = PBXGroup;
			children = (
				A0FB676F1C60E62E002E0B1E /* main.swift */,
				A0FB67761C60E66E002E0B1E /* lights.swift */,
			);
			path = day6;
			sourceTree = "<group>";
		};
/* End PBXGroup section */

/* Begin PBXNativeTarget section */
		A0FB676B1C60E62E002E0B1E /* day6 */ = {
			isa = PBXNativeTarget;
			buildConfigurationList = A0FB67731C60E62E002E0B1E /* Build configuration list for PBXNativeTarget "day6" */;
			buildPhases = (
				A0FB67681C60E62E002E0B1E /* Sources */,
				A0FB67691C60E62E002E0B1E /* Frameworks */,
				A0FB676A1C60E62E002E0B1E /* CopyFiles */,
			);
			buildRules = (
			);
			dependencies = (
			);
			name = day6;
			productName = day6;
			productReference = A0FB676C1C60E62E002E0B1E /* day6 */;
			productType = "com.apple.product-type.tool";
		};
/* End PBXNativeTarget section */

/* Begin PBXProject section */
		A0FB67641C60E62E002E0B1E /* Project object */ = {
			isa = PBXProject;
			attributes = {
				LastSwiftUpdateCheck = 0730;
				LastUpgradeCheck = 0730;
				ORGANIZATIONNAME = "Mario Pavlovic";
				TargetAttributes = {
					A0FB676B1C60E62E002E0B1E = {
						CreatedOnToolsVersion = 7.3;
					};
				};
			};
			buildConfigurationList = A0FB67671C60E62E002E0B1E /* Build configuration list for PBXProject "day6" */;
			compatibilityVersion = "Xcode 3.2";
			developmentRegion = English;
			hasScannedForEncodings = 0;
			knownRegions = (
				en,
			);
			mainGroup = A0FB67631C60E62E002E0B1E;
			productRefGroup = A0FB676D1C60E62E002E0B1E /* Products */;
			projectDirPath = "";
			projectRoot = "";
			targets = (
				A0FB676B1C60E62E002E0B1E /* day6 */,
			);
		};
/* End PBXProject section */

/* Begin PBXSourcesBuildPhase section */
		A0FB67681C60E62E002E0B1E /* Sources */ = {
			isa = PBXSourcesBuildPhase;
			buildActionMask = 2147483647;
			files = (
				A0FB67771C60E66E002E0B1E /* lights.swift in Sources */,
				A0FB67701C60E62E002E0B1E /* main.swift in Sources */,
			);
			runOnlyForDeploymentPostprocessing = 0;
		};
/* End PBXSourcesBuildPhase section */

/* Begin XCBuildConfiguration section */
		A0FB67711C60E62E002E0B1E /* Debug */ = {
			isa = XCBuildConfiguration;
			buildSettings = {
				ALWAYS_SEARCH_USER_PATHS = NO;
				CLANG_CXX_LANGUAGE_STANDARD = "gnu++0x";
				CLANG_CXX_LIBRARY = "libc++";
				CLANG_ENABLE_MODULES = YES;
				CLANG_ENABLE_OBJC_ARC = YES;
				CLANG_WARN_BOOL_CONVERSION = YES;
				CLANG_WARN_CONSTANT_CONVERSION = YES;
				CLANG_WARN_DIRECT_OBJC_ISA_USAGE = YES_ERROR;
				CLANG_WARN_EMPTY_BODY = YES;
				CLANG_WARN_ENUM_CONVERSION = YES;
				CLANG_WARN_INT_CONVERSION = YES;
				CLANG_WARN_OBJC_ROOT_CLASS = YES_ERROR;
				CLANG_WARN_UNREACHABLE_CODE = YES;
				CLANG_WARN__DUPLICATE_METHOD_MATCH = YES;
				CODE_SIGN_IDENTITY = "-";
				COPY_PHASE_STRIP = NO;
				DEBUG_INFORMATION_FORMAT = dwarf;
				ENABLE_STRICT_OBJC_MSGSEND = YES;
				ENABLE_TESTABILITY = YES;
				GCC_C_LANGUAGE_STANDARD = gnu99;
				GCC_DYNAMIC_NO_PIC = NO;
				GCC_NO_COMMON_BLOCKS = YES;
				GCC_OPTIMIZATION_LEVEL = 0;
				GCC_PREPROCESSOR_DEFINITIONS = (
					"DEBUG=1",
					"$(inherited)",
				);
				GCC_WARN_64_TO_32_BIT_CONVERSION = YES;
				GCC_WARN_ABOUT_RETURN_TYPE = YES_ERROR;
				GCC_WARN_UNDECLARED_SELECTOR = YES;
				GCC_WARN_UNINITIALIZED_AUTOS = YES_AGGRESSIVE;
				GCC_WARN_UNUSED_FUNCTION = YES;
				GCC_WARN_UNUSED_VARIABLE = YES;
				MACOSX_DEPLOYMENT_TARGET = 10.11;
				MTL_ENABLE_DEBUG_INFO = YES;
				ONLY_ACTIVE_ARCH = YES;
				SDKROOT = macosx;
				SWIFT_OPTIMIZATION_LEVEL = "-Onone";
			};
			name = Debug;
		};
		A0FB67721C60E62E002E0B1E /* Release */ = {
			isa = XCBuildConfiguration;
			buildSettings = {
				ALWAYS_SEARCH_USER_PATHS = NO;
				CLANG_CXX_LANGUAGE_STANDARD = "gnu++0x";
				CLANG_CXX_LIBRARY = "libc++";
				CLANG_ENABLE_MODULES = YES;
				CLANG_ENABLE_OBJC_ARC = YES;
				CLANG_WARN_BOOL_CONVERSION = YES;
				CLANG_WARN_CONSTANT_CONVERSION = YES;
				CLANG_WARN_DIRECT_OBJC_ISA_USAGE = YES_ERROR;
				CLANG_WARN_EMPTY_BODY = YES;
				CLANG_WARN_ENUM_CONVERSION = YES;
				CLANG_WARN_INT_CONVERSION = YES;
				CLANG_WARN_OBJC_ROOT_CLASS = YES_ERROR;
				CLANG_WARN_UNREACHABLE_CODE = YES;
				CLANG_WARN__DUPLICATE_METHOD_MATCH = YES;
				CODE_SIGN_IDENTITY = "-";
				COPY_PHASE_STRIP = NO;
				DEBUG_INFORMATION_FORMAT = "dwarf-with-dsym";
				ENABLE_NS_ASSERTIONS = NO;
				ENABLE_STRICT_OBJC_MSGSEND = YES;
				GCC_C_LANGUAGE_STANDARD = gnu99;
				GCC_NO_COMMON_BLOCKS = YES;
				GCC_WARN_64_TO_32_BIT_CONVERSION = YES;
				GCC_WARN_ABOUT_RETURN_TYPE = YES_ERROR;
				GCC_WARN_UNDECLARED_SELECTOR = YES;
				GCC_WARN_UNINITIALIZED_AUTOS = YES_AGGRESSIVE;
				GCC_WARN_UNUSED_FUNCTION = YES;
				GCC_WARN_UNUSED_VARIABLE = YES;
				MACOSX_DEPLOYMENT_TARGET = 10.11;
				MTL_ENABLE_DEBUG_INFO = NO;
				SDKROOT = macosx;
			};
			name = Release;
		};
		A0FB67741C60E62E002E0B1E /* Debug */ = {
			isa = XCBuildConfiguration;
			buildSettings = {
				PRODUCT_NAME = "$(TARGET_NAME)";
			};
			name = Debug;
		};
		A0FB67751C60E62E002E0B1E /* Release */ = {
			isa = XCBuildConfiguration;
			buildSettings = {
				PRODUCT_NAME = "$(TARGET_NAME)";
			};
			name = Release;
		};
/* End XCBuildConfiguration section */

/* Begin XCConfigurationList section */
		A0FB67671C60E62E002E0B1E /* Build configuration list for PBXProject "day6" */ = {
			isa = XCConfigurationList;
			buildConfigurations = (
				A0FB67711C60E62E002E0B1E /* Debug */,
				A0FB67721C60E62E002E0B1E /* Release */,
			);
			defaultConfigurationIsVisible = 0;
			defaultConfigurationName = Release;
		};
		A0FB67731C60E62E002E0B1E /* Build configuration list for PBXNativeTarget "day6" */ = {
			isa = XCConfigurationList;
			buildConfigurations = (
				A0FB67741C60E62E002E0B1E /* Debug */,
				A0FB67751C60E62E002E0B1E /* Release */,
			);
			defaultConfigurationIsVisible = 0;
		};
/* End XCConfigurationList section */
	};
	rootObject = A0FB67641C60E62E002E0B1E /* Project object */;
}
