// !$*UTF8*$!
{
	archiveVersion = 1;
	classes = {
	};
	objectVersion = 46;
	objects = {

/* Begin PBXBuildFile section */
		A009E5611C28534E00C6F784 /* AppDelegate.swift in Sources */ = {isa = PBXBuildFile; fileRef = A009E5601C28534E00C6F784 /* AppDelegate.swift */; };
		A009E5731C2853AC00C6F784 /* Default-568h@2x.png in Resources */ = {isa = PBXBuildFile; fileRef = A009E5721C2853AC00C6F784 /* Default-568h@2x.png */; };
/* End PBXBuildFile section */

/* Begin PBXFileReference section */
		A009E55D1C28534E00C6F784 /* day4.app */ = {isa = PBXFileReference; explicitFileType = wrapper.application; includeInIndex = 0; path = day4.app; sourceTree = BUILT_PRODUCTS_DIR; };
		A009E5601C28534E00C6F784 /* AppDelegate.swift */ = {isa = PBXFileReference; lastKnownFileType = sourcecode.swift; path = AppDelegate.swift; sourceTree = "<group>"; };
		A009E56C1C28534E00C6F784 /* Info.plist */ = {isa = PBXFileReference; lastKnownFileType = text.plist.xml; path = Info.plist; sourceTree = "<group>"; };
		A009E5721C2853AC00C6F784 /* Default-568h@2x.png */ = {isa = PBXFileReference; lastKnownFileType = image.png; path = "Default-568h@2x.png"; sourceTree = "<group>"; };
		A009E5741C28560F00C6F784 /* day4-Bridging-Header.h */ = {isa = PBXFileReference; lastKnownFileType = sourcecode.c.h; path = "day4-Bridging-Header.h"; sourceTree = "<group>"; };
/* End PBXFileReference section */

/* Begin PBXFrameworksBuildPhase section */
		A009E55A1C28534E00C6F784 /* Frameworks */ = {
			isa = PBXFrameworksBuildPhase;
			buildActionMask = 2147483647;
			files = (
			);
			runOnlyForDeploymentPostprocessing = 0;
		};
/* End PBXFrameworksBuildPhase section */

/* Begin PBXGroup section */
		A009E5541C28534E00C6F784 = {
			isa = PBXGroup;
			children = (
				A009E5721C2853AC00C6F784 /* Default-568h@2x.png */,
				A009E55F1C28534E00C6F784 /* day4 */,
				A009E55E1C28534E00C6F784 /* Products */,
			);
			sourceTree = "<group>";
		};
		A009E55E1C28534E00C6F784 /* Products */ = {
			isa = PBXGroup;
			children = (
				A009E55D1C28534E00C6F784 /* day4.app */,
			);
			name = Products;
			sourceTree = "<group>";
		};
		A009E55F1C28534E00C6F784 /* day4 */ = {
			isa = PBXGroup;
			children = (
				A009E5601C28534E00C6F784 /* AppDelegate.swift */,
				A009E56C1C28534E00C6F784 /* Info.plist */,
				A009E5741C28560F00C6F784 /* day4-Bridging-Header.h */,
			);
			path = day4;
			sourceTree = "<group>";
		};
/* End PBXGroup section */

/* Begin PBXNativeTarget section */
		A009E55C1C28534E00C6F784 /* day4 */ = {
			isa = PBXNativeTarget;
			buildConfigurationList = A009E56F1C28534E00C6F784 /* Build configuration list for PBXNativeTarget "day4" */;
			buildPhases = (
				A009E5591C28534E00C6F784 /* Sources */,
				A009E55A1C28534E00C6F784 /* Frameworks */,
				A009E55B1C28534E00C6F784 /* Resources */,
			);
			buildRules = (
			);
			dependencies = (
			);
			name = day4;
			productName = day4;
			productReference = A009E55D1C28534E00C6F784 /* day4.app */;
			productType = "com.apple.product-type.application";
		};
/* End PBXNativeTarget section */

/* Begin PBXProject section */
		A009E5551C28534E00C6F784 /* Project object */ = {
			isa = PBXProject;
			attributes = {
				LastSwiftUpdateCheck = 0720;
				LastUpgradeCheck = 0720;
				TargetAttributes = {
					A009E55C1C28534E00C6F784 = {
						CreatedOnToolsVersion = 7.2;
					};
				};
			};
			buildConfigurationList = A009E5581C28534E00C6F784 /* Build configuration list for PBXProject "day4" */;
			compatibilityVersion = "Xcode 3.2";
			developmentRegion = English;
			hasScannedForEncodings = 0;
			knownRegions = (
				en,
				Base,
			);
			mainGroup = A009E5541C28534E00C6F784;
			productRefGroup = A009E55E1C28534E00C6F784 /* Products */;
			projectDirPath = "";
			projectRoot = "";
			targets = (
				A009E55C1C28534E00C6F784 /* day4 */,
			);
		};
/* End PBXProject section */

/* Begin PBXResourcesBuildPhase section */
		A009E55B1C28534E00C6F784 /* Resources */ = {
			isa = PBXResourcesBuildPhase;
			buildActionMask = 2147483647;
			files = (
				A009E5731C2853AC00C6F784 /* Default-568h@2x.png in Resources */,
			);
			runOnlyForDeploymentPostprocessing = 0;
		};
/* End PBXResourcesBuildPhase section */

/* Begin PBXSourcesBuildPhase section */
		A009E5591C28534E00C6F784 /* Sources */ = {
			isa = PBXSourcesBuildPhase;
			buildActionMask = 2147483647;
			files = (
				A009E5611C28534E00C6F784 /* AppDelegate.swift in Sources */,
			);
			runOnlyForDeploymentPostprocessing = 0;
		};
/* End PBXSourcesBuildPhase section */

/* Begin XCBuildConfiguration section */
		A009E56D1C28534E00C6F784 /* Debug */ = {
			isa = XCBuildConfiguration;
			buildSettings = {
				ALWAYS_SEARCH_USER_PATHS = NO;
				CLANG_CXX_LANGUAGE_STANDARD = "gnu++0x";
				CLANG_CXX_LIBRARY = "libc++";
				CLANG_ENABLE_MODULES = YES;
				CLANG_ENABLE_OBJC_ARC = YES;
				CLANG_WARN_BOOL_CONVERSION = YES;
				CLANG_WARN_CONSTANT_CONVERSION = YES;
				CLANG_WARN_DIRECT_OBJC_ISA_USAGE = YES_ERROR;
				CLANG_WARN_EMPTY_BODY = YES;
				CLANG_WARN_ENUM_CONVERSION = YES;
				CLANG_WARN_INT_CONVERSION = YES;
				CLANG_WARN_OBJC_ROOT_CLASS = YES_ERROR;
				CLANG_WARN_UNREACHABLE_CODE = YES;
				CLANG_WARN__DUPLICATE_METHOD_MATCH = YES;
				"CODE_SIGN_IDENTITY[sdk=iphoneos*]" = "iPhone Developer";
				COPY_PHASE_STRIP = NO;
				DEBUG_INFORMATION_FORMAT = dwarf;
				ENABLE_STRICT_OBJC_MSGSEND = YES;
				ENABLE_TESTABILITY = YES;
				GCC_C_LANGUAGE_STANDARD = gnu99;
				GCC_DYNAMIC_NO_PIC = NO;
				GCC_NO_COMMON_BLOCKS = YES;
				GCC_OPTIMIZATION_LEVEL = 0;
				GCC_PREPROCESSOR_DEFINITIONS = (
					"DEBUG=1",
					"$(inherited)",
				);
				GCC_WARN_64_TO_32_BIT_CONVERSION = YES;
				GCC_WARN_ABOUT_RETURN_TYPE = YES_ERROR;
				GCC_WARN_UNDECLARED_SELECTOR = YES;
				GCC_WARN_UNINITIALIZED_AUTOS = YES_AGGRESSIVE;
				GCC_WARN_UNUSED_FUNCTION = YES;
				GCC_WARN_UNUSED_VARIABLE = YES;
				IPHONEOS_DEPLOYMENT_TARGET = 9.2;
				MTL_ENABLE_DEBUG_INFO = YES;
				ONLY_ACTIVE_ARCH = YES;
				SDKROOT = iphoneos;
				SWIFT_OPTIMIZATION_LEVEL = "-Onone";
			};
			name = Debug;
		};
		A009E56E1C28534E00C6F784 /* Release */ = {
			isa = XCBuildConfiguration;
			buildSettings = {
				ALWAYS_SEARCH_USER_PATHS = NO;
				CLANG_CXX_LANGUAGE_STANDARD = "gnu++0x";
				CLANG_CXX_LIBRARY = "libc++";
				CLANG_ENABLE_MODULES = YES;
				CLANG_ENABLE_OBJC_ARC = YES;
				CLANG_WARN_BOOL_CONVERSION = YES;
				CLANG_WARN_CONSTANT_CONVERSION = YES;
				CLANG_WARN_DIRECT_OBJC_ISA_USAGE = YES_ERROR;
				CLANG_WARN_EMPTY_BODY = YES;
				CLANG_WARN_ENUM_CONVERSION = YES;
				CLANG_WARN_INT_CONVERSION = YES;
				CLANG_WARN_OBJC_ROOT_CLASS = YES_ERROR;
				CLANG_WARN_UNREACHABLE_CODE = YES;
				CLANG_WARN__DUPLICATE_METHOD_MATCH = YES;
				"CODE_SIGN_IDENTITY[sdk=iphoneos*]" = "iPhone Developer";
				COPY_PHASE_STRIP = NO;
				DEBUG_INFORMATION_FORMAT = "dwarf-with-dsym";
				ENABLE_NS_ASSERTIONS = NO;
				ENABLE_STRICT_OBJC_MSGSEND = YES;
				GCC_C_LANGUAGE_STANDARD = gnu99;
				GCC_NO_COMMON_BLOCKS = YES;
				GCC_WARN_64_TO_32_BIT_CONVERSION = YES;
				GCC_WARN_ABOUT_RETURN_TYPE = YES_ERROR;
				GCC_WARN_UNDECLARED_SELECTOR = YES;
				GCC_WARN_UNINITIALIZED_AUTOS = YES_AGGRESSIVE;
				GCC_WARN_UNUSED_FUNCTION = YES;
				GCC_WARN_UNUSED_VARIABLE = YES;
				IPHONEOS_DEPLOYMENT_TARGET = 9.2;
				MTL_ENABLE_DEBUG_INFO = NO;
				SDKROOT = iphoneos;
				VALIDATE_PRODUCT = YES;
			};
			name = Release;
		};
		A009E5701C28534E00C6F784 /* Debug */ = {
			isa = XCBuildConfiguration;
			buildSettings = {
				CLANG_ENABLE_MODULES = YES;
				INFOPLIST_FILE = day4/Info.plist;
				LD_RUNPATH_SEARCH_PATHS = "$(inherited) @executable_path/Frameworks";
				LIBRARY_SEARCH_PATHS = (
					"$(inherited)",
					"$(SDKROOT)/usr/lib/system",
				);
				PRODUCT_BUNDLE_IDENTIFIER = com.mariopavlovic.day4;
				PRODUCT_NAME = "$(TARGET_NAME)";
				SWIFT_OBJC_BRIDGING_HEADER = "day4/day4-Bridging-Header.h";
				SWIFT_OPTIMIZATION_LEVEL = "-Onone";
			};
			name = Debug;
		};
		A009E5711C28534E00C6F784 /* Release */ = {
			isa = XCBuildConfiguration;
			buildSettings = {
				CLANG_ENABLE_MODULES = YES;
				INFOPLIST_FILE = day4/Info.plist;
				LD_RUNPATH_SEARCH_PATHS = "$(inherited) @executable_path/Frameworks";
				LIBRARY_SEARCH_PATHS = (
					"$(inherited)",
					"$(SDKROOT)/usr/lib/system",
				);
				PRODUCT_BUNDLE_IDENTIFIER = com.mariopavlovic.day4;
				PRODUCT_NAME = "$(TARGET_NAME)";
				SWIFT_OBJC_BRIDGING_HEADER = "day4/day4-Bridging-Header.h";
			};
			name = Release;
		};
/* End XCBuildConfiguration section */

/* Begin XCConfigurationList section */
		A009E5581C28534E00C6F784 /* Build configuration list for PBXProject "day4" */ = {
			isa = XCConfigurationList;
			buildConfigurations = (
				A009E56D1C28534E00C6F784 /* Debug */,
				A009E56E1C28534E00C6F784 /* Release */,
			);
			defaultConfigurationIsVisible = 0;
			defaultConfigurationName = Release;
		};
		A009E56F1C28534E00C6F784 /* Build configuration list for PBXNativeTarget "day4" */ = {
			isa = XCConfigurationList;
			buildConfigurations = (
				A009E5701C28534E00C6F784 /* Debug */,
				A009E5711C28534E00C6F784 /* Release */,
			);
			defaultConfigurationIsVisible = 0;
		};
/* End XCConfigurationList section */
	};
	rootObject = A009E5551C28534E00C6F784 /* Project object */;
}
